
Microsoft Visual Studio Solution File, Format Version 12.00
# Visual Studio Version 17
VisualStudioVersion = 17.9.34723.18
MinimumVisualStudioVersion = 10.0.40219.1
Project("{FAE04EC0-301F-11D3-BF4B-00C04F79EFBC}") = "StudentManagement", "StudentManagement\StudentManagement.csproj", "{30D680C1-C22B-4311-85C3-21D9071A7199}"
EndProject
Global
	GlobalSection(SolutionConfigurationPlatforms) = preSolution
		Debug|Any CPU = Debug|Any CPU
		Release|Any CPU = Release|Any CPU
	EndGlobalSection
	GlobalSection(ProjectConfigurationPlatforms) = postSolution
		{30D680C1-C22B-4311-85C3-21D9071A7199}.Debug|Any CPU.ActiveCfg = Debug|Any CPU
		{30D680C1-C22B-4311-85C3-21D9071A7199}.Debug|Any CPU.Build.0 = Debug|Any CPU
		{30D680C1-C22B-4311-85C3-21D9071A7199}.Release|Any CPU.ActiveCfg = Release|Any CPU
		{30D680C1-C22B-4311-85C3-21D9071A7199}.Release|Any CPU.Build.0 = Release|Any CPU
	EndGlobalSection
	GlobalSection(SolutionProperties) = preSolution
		HideSolutionNode = FALSE
	EndGlobalSection
	GlobalSection(ExtensibilityGlobals) = postSolution
		SolutionGuid = {B02570B2-917D-486C-A101-BE7A93228ACF}
	EndGlobalSection
EndGlobal
